// !$*UTF8*$!
{
	archiveVersion = 1;
	classes = {
	};
	objectVersion = 50;
	objects = {

/* Begin PBXGroup section */
		07A43CFC2141B9820015F9ED = {
			isa = PBXGroup;
			children = (
			);
			sourceTree = "<group>";
		};
/* End PBXGroup section */

/* Begin PBXProject section */
		07A43CFD2141B9820015F9ED /* Project object */ = {
			isa = PBXProject;
			attributes = {
				CLASSPREFIX = KSO;
				LastUpgradeCheck = 0940;
				ORGANIZATIONNAME = "Kosoku Interactive, LLC.";
			};
			buildConfigurationList = 07A43D002141B9820015F9ED /* Build configuration list for PBXProject "KSOOnboarding" */;
			compatibilityVersion = "Xcode 9.3";
			developmentRegion = en;
			hasScannedForEncodings = 0;
			knownRegions = (
				en,
			);
			mainGroup = 07A43CFC2141B9820015F9ED;
			projectDirPath = "";
			projectRoot = "";
			targets = (
			);
		};
/* End PBXProject section */

/* Begin XCBuildConfiguration section */
		07A43D012141B9820015F9ED /* Debug */ = {
			isa = XCBuildConfiguration;
			buildSettings = {
			};
			name = Debug;
		};
		07A43D022141B9820015F9ED /* Release */ = {
			isa = XCBuildConfiguration;
			buildSettings = {
			};
			name = Release;
		};
/* End XCBuildConfiguration section */

/* Begin XCConfigurationList section */
		07A43D002141B9820015F9ED /* Build configuration list for PBXProject "KSOOnboarding" */ = {
			isa = XCConfigurationList;
			buildConfigurations = (
				07A43D012141B9820015F9ED /* Debug */,
				07A43D022141B9820015F9ED /* Release */,
			);
			defaultConfigurationIsVisible = 0;
			defaultConfigurationName = Release;
		};
/* End XCConfigurationList section */
	};
	rootObject = 07A43CFD2141B9820015F9ED /* Project object */;
}
