// !$*UTF8*$!
{
	archiveVersion = 1;
	classes = {
	};
	objectVersion = 50;
	objects = {

/* Begin PBXBuildFile section */
		073813622147294100D9C515 /* KSOColorPicker.framework in Frameworks */ = {isa = PBXBuildFile; fileRef = 073813612147294100D9C515 /* KSOColorPicker.framework */; };
		073813632147294100D9C515 /* KSOColorPicker.framework in Embed Frameworks */ = {isa = PBXBuildFile; fileRef = 073813612147294100D9C515 /* KSOColorPicker.framework */; settings = {ATTRIBUTES = (CodeSignOnCopy, RemoveHeadersOnCopy, ); }; };
		07A43D0D2141BA280015F9ED /* KSOOnboarding.h in Headers */ = {isa = PBXBuildFile; fileRef = 07A43D0B2141BA280015F9ED /* KSOOnboarding.h */; settings = {ATTRIBUTES = (Public, ); }; };
		07A43D172141BB680015F9ED /* KSOOnboardingViewController.h in Headers */ = {isa = PBXBuildFile; fileRef = 07A43D152141BB680015F9ED /* KSOOnboardingViewController.h */; settings = {ATTRIBUTES = (Public, ); }; };
		07A43D182141BB680015F9ED /* KSOOnboardingViewController.m in Sources */ = {isa = PBXBuildFile; fileRef = 07A43D162141BB680015F9ED /* KSOOnboardingViewController.m */; };
		07A43D212141BC550015F9ED /* AppDelegate.m in Sources */ = {isa = PBXBuildFile; fileRef = 07A43D202141BC550015F9ED /* AppDelegate.m */; };
		07A43D242141BC550015F9ED /* ViewController.m in Sources */ = {isa = PBXBuildFile; fileRef = 07A43D232141BC550015F9ED /* ViewController.m */; };
		07A43D272141BC550015F9ED /* Main.storyboard in Resources */ = {isa = PBXBuildFile; fileRef = 07A43D252141BC550015F9ED /* Main.storyboard */; };
		07A43D292141BC570015F9ED /* Assets.xcassets in Resources */ = {isa = PBXBuildFile; fileRef = 07A43D282141BC570015F9ED /* Assets.xcassets */; };
		07A43D2C2141BC570015F9ED /* LaunchScreen.storyboard in Resources */ = {isa = PBXBuildFile; fileRef = 07A43D2A2141BC570015F9ED /* LaunchScreen.storyboard */; };
		07A43D2F2141BC570015F9ED /* main.m in Sources */ = {isa = PBXBuildFile; fileRef = 07A43D2E2141BC570015F9ED /* main.m */; };
		07A43D332141BD670015F9ED /* KSOOnboarding.framework in Frameworks */ = {isa = PBXBuildFile; fileRef = 07A43D082141BA280015F9ED /* KSOOnboarding.framework */; };
		07A43D342141BD670015F9ED /* KSOOnboarding.framework in Embed Frameworks */ = {isa = PBXBuildFile; fileRef = 07A43D082141BA280015F9ED /* KSOOnboarding.framework */; settings = {ATTRIBUTES = (CodeSignOnCopy, RemoveHeadersOnCopy, ); }; };
		07A43D3A2141BEF20015F9ED /* Stanley.framework in Frameworks */ = {isa = PBXBuildFile; fileRef = 07A43D392141BEF20015F9ED /* Stanley.framework */; };
		07A43D3C2141BEFD0015F9ED /* Stanley.framework in Frameworks */ = {isa = PBXBuildFile; fileRef = 07A43D3B2141BEFD0015F9ED /* Stanley.framework */; };
		07A43D3D2141BEFD0015F9ED /* Stanley.framework in Embed Frameworks */ = {isa = PBXBuildFile; fileRef = 07A43D3B2141BEFD0015F9ED /* Stanley.framework */; settings = {ATTRIBUTES = (CodeSignOnCopy, RemoveHeadersOnCopy, ); }; };
		07A43D402141BFC20015F9ED /* Loki.framework in Frameworks */ = {isa = PBXBuildFile; fileRef = 07A43D3F2141BFC20015F9ED /* Loki.framework */; };
		07A43D422141BFC90015F9ED /* Loki.framework in Frameworks */ = {isa = PBXBuildFile; fileRef = 07A43D412141BFC90015F9ED /* Loki.framework */; };
		07A43D432141BFC90015F9ED /* Loki.framework in Embed Frameworks */ = {isa = PBXBuildFile; fileRef = 07A43D412141BFC90015F9ED /* Loki.framework */; settings = {ATTRIBUTES = (CodeSignOnCopy, RemoveHeadersOnCopy, ); }; };
		07A43D452141C02A0015F9ED /* KSOFontAwesomeExtensions.framework in Frameworks */ = {isa = PBXBuildFile; fileRef = 07A43D442141C02A0015F9ED /* KSOFontAwesomeExtensions.framework */; };
		07A43D472141C0310015F9ED /* KSOFontAwesomeExtensions.framework in Frameworks */ = {isa = PBXBuildFile; fileRef = 07A43D462141C0310015F9ED /* KSOFontAwesomeExtensions.framework */; };
		07A43D482141C0310015F9ED /* KSOFontAwesomeExtensions.framework in Embed Frameworks */ = {isa = PBXBuildFile; fileRef = 07A43D462141C0310015F9ED /* KSOFontAwesomeExtensions.framework */; settings = {ATTRIBUTES = (CodeSignOnCopy, RemoveHeadersOnCopy, ); }; };
		07A43D4A2141C0900015F9ED /* Ditko.framework in Frameworks */ = {isa = PBXBuildFile; fileRef = 07A43D492141C0900015F9ED /* Ditko.framework */; };
		07A43D4C2141C0950015F9ED /* Ditko.framework in Frameworks */ = {isa = PBXBuildFile; fileRef = 07A43D4B2141C0950015F9ED /* Ditko.framework */; };
		07A43D4D2141C0950015F9ED /* Ditko.framework in Embed Frameworks */ = {isa = PBXBuildFile; fileRef = 07A43D4B2141C0950015F9ED /* Ditko.framework */; settings = {ATTRIBUTES = (CodeSignOnCopy, RemoveHeadersOnCopy, ); }; };
		07A43D5721420DD10015F9ED /* KSOOnboardingItem.h in Headers */ = {isa = PBXBuildFile; fileRef = 07A43D5521420DD10015F9ED /* KSOOnboardingItem.h */; settings = {ATTRIBUTES = (Public, ); }; };
		07A43D5821420DD10015F9ED /* KSOOnboardingItem.m in Sources */ = {isa = PBXBuildFile; fileRef = 07A43D5621420DD10015F9ED /* KSOOnboardingItem.m */; };
		07A43D5C21421C3F0015F9ED /* KSOOnboardingViewModel.h in Headers */ = {isa = PBXBuildFile; fileRef = 07A43D5A21421C3F0015F9ED /* KSOOnboardingViewModel.h */; settings = {ATTRIBUTES = (Private, ); }; };
		07A43D5D21421C3F0015F9ED /* KSOOnboardingViewModel.m in Sources */ = {isa = PBXBuildFile; fileRef = 07A43D5B21421C3F0015F9ED /* KSOOnboardingViewModel.m */; };
		07A43D602142284E0015F9ED /* KSOOnboardingDefaultItemViewController.h in Headers */ = {isa = PBXBuildFile; fileRef = 07A43D5E2142284E0015F9ED /* KSOOnboardingDefaultItemViewController.h */; settings = {ATTRIBUTES = (Private, ); }; };
		07A43D612142284E0015F9ED /* KSOOnboardingDefaultItemViewController.m in Sources */ = {isa = PBXBuildFile; fileRef = 07A43D5F2142284E0015F9ED /* KSOOnboardingDefaultItemViewController.m */; };
		07A43D63214228880015F9ED /* KSOOnboardingItemViewController.h in Headers */ = {isa = PBXBuildFile; fileRef = 07A43D62214228880015F9ED /* KSOOnboardingItemViewController.h */; settings = {ATTRIBUTES = (Public, ); }; };
		07A43D6621423D4A0015F9ED /* LoremIpsum.m in Sources */ = {isa = PBXBuildFile; fileRef = 07A43D6521423D4A0015F9ED /* LoremIpsum.m */; };
		07A43D7121425F780015F9ED /* KSOOnboardingImageBackgroundView.h in Headers */ = {isa = PBXBuildFile; fileRef = 07A43D6F21425F780015F9ED /* KSOOnboardingImageBackgroundView.h */; settings = {ATTRIBUTES = (Public, ); }; };
		07A43D7221425F780015F9ED /* KSOOnboardingImageBackgroundView.m in Sources */ = {isa = PBXBuildFile; fileRef = 07A43D7021425F780015F9ED /* KSOOnboardingImageBackgroundView.m */; };
		07A43D752142F31C0015F9ED /* KSOOnboardingMovieBackgroundView.h in Headers */ = {isa = PBXBuildFile; fileRef = 07A43D732142F31B0015F9ED /* KSOOnboardingMovieBackgroundView.h */; settings = {ATTRIBUTES = (Public, ); }; };
		07A43D762142F31C0015F9ED /* KSOOnboardingMovieBackgroundView.m in Sources */ = {isa = PBXBuildFile; fileRef = 07A43D742142F31C0015F9ED /* KSOOnboardingMovieBackgroundView.m */; };
		07A43D782142F54B0015F9ED /* movie.mp4 in Resources */ = {isa = PBXBuildFile; fileRef = 07A43D772142F54B0015F9ED /* movie.mp4 */; };
		07A43D7B214303F20015F9ED /* KSOOnboardingTheme.h in Headers */ = {isa = PBXBuildFile; fileRef = 07A43D79214303F20015F9ED /* KSOOnboardingTheme.h */; settings = {ATTRIBUTES = (Public, ); }; };
		07A43D7C214303F20015F9ED /* KSOOnboardingTheme.m in Sources */ = {isa = PBXBuildFile; fileRef = 07A43D7A214303F20015F9ED /* KSOOnboardingTheme.m */; };
		07A43D88214355560015F9ED /* Agamotto.framework in Frameworks */ = {isa = PBXBuildFile; fileRef = 07A43D87214355560015F9ED /* Agamotto.framework */; };
		07A43D8A2143555C0015F9ED /* Agamotto.framework in Frameworks */ = {isa = PBXBuildFile; fileRef = 07A43D892143555C0015F9ED /* Agamotto.framework */; };
		07A43D8B2143555C0015F9ED /* Agamotto.framework in Embed Frameworks */ = {isa = PBXBuildFile; fileRef = 07A43D892143555C0015F9ED /* Agamotto.framework */; settings = {ATTRIBUTES = (CodeSignOnCopy, RemoveHeadersOnCopy, ); }; };
		07FD4C1C21446C4B006D8A49 /* UIViewController+KSOOnboardingExtensions.h in Headers */ = {isa = PBXBuildFile; fileRef = 07FD4C1A21446C4B006D8A49 /* UIViewController+KSOOnboardingExtensions.h */; settings = {ATTRIBUTES = (Public, ); }; };
		07FD4C1D21446C4B006D8A49 /* UIViewController+KSOOnboardingExtensions.m in Sources */ = {isa = PBXBuildFile; fileRef = 07FD4C1B21446C4B006D8A49 /* UIViewController+KSOOnboardingExtensions.m */; };
		07FD4C2021449F92006D8A49 /* NSBundle+KSOOnboardingPrivateExtensions.h in Headers */ = {isa = PBXBuildFile; fileRef = 07FD4C1E21449F92006D8A49 /* NSBundle+KSOOnboardingPrivateExtensions.h */; settings = {ATTRIBUTES = (Private, ); }; };
		07FD4C2121449F92006D8A49 /* NSBundle+KSOOnboardingPrivateExtensions.m in Sources */ = {isa = PBXBuildFile; fileRef = 07FD4C1F21449F92006D8A49 /* NSBundle+KSOOnboardingPrivateExtensions.m */; };
		07FD4C252144A24C006D8A49 /* Localizable.strings in Resources */ = {isa = PBXBuildFile; fileRef = 07FD4C232144A24C006D8A49 /* Localizable.strings */; };
/* End PBXBuildFile section */

/* Begin PBXContainerItemProxy section */
		07A43D352141BD670015F9ED /* PBXContainerItemProxy */ = {
			isa = PBXContainerItemProxy;
			containerPortal = 07A43CFD2141B9820015F9ED /* Project object */;
			proxyType = 1;
			remoteGlobalIDString = 07A43D072141BA280015F9ED;
			remoteInfo = "KSOOnboarding-iOS";
		};
/* End PBXContainerItemProxy section */

/* Begin PBXCopyFilesBuildPhase section */
		07A43D372141BD670015F9ED /* Embed Frameworks */ = {
			isa = PBXCopyFilesBuildPhase;
			buildActionMask = 2147483647;
			dstPath = "";
			dstSubfolderSpec = 10;
			files = (
				07A43D432141BFC90015F9ED /* Loki.framework in Embed Frameworks */,
				07A43D342141BD670015F9ED /* KSOOnboarding.framework in Embed Frameworks */,
				07A43D3D2141BEFD0015F9ED /* Stanley.framework in Embed Frameworks */,
				073813632147294100D9C515 /* KSOColorPicker.framework in Embed Frameworks */,
				07A43D4D2141C0950015F9ED /* Ditko.framework in Embed Frameworks */,
				07A43D8B2143555C0015F9ED /* Agamotto.framework in Embed Frameworks */,
				07A43D482141C0310015F9ED /* KSOFontAwesomeExtensions.framework in Embed Frameworks */,
			);
			name = "Embed Frameworks";
			runOnlyForDeploymentPostprocessing = 0;
		};
/* End PBXCopyFilesBuildPhase section */

/* Begin PBXFileReference section */
		073813572147013E00D9C515 /* ja */ = {isa = PBXFileReference; lastKnownFileType = text.plist.strings; name = ja; path = ja.lproj/Localizable.strings; sourceTree = "<group>"; };
		073813582147016000D9C515 /* ro */ = {isa = PBXFileReference; lastKnownFileType = text.plist.strings; name = ro; path = ro.lproj/Localizable.strings; sourceTree = "<group>"; };
		073813612147294100D9C515 /* KSOColorPicker.framework */ = {isa = PBXFileReference; explicitFileType = wrapper.framework; path = KSOColorPicker.framework; sourceTree = BUILT_PRODUCTS_DIR; };
		07A43D082141BA280015F9ED /* KSOOnboarding.framework */ = {isa = PBXFileReference; explicitFileType = wrapper.framework; includeInIndex = 0; path = KSOOnboarding.framework; sourceTree = BUILT_PRODUCTS_DIR; };
		07A43D0B2141BA280015F9ED /* KSOOnboarding.h */ = {isa = PBXFileReference; lastKnownFileType = sourcecode.c.h; path = KSOOnboarding.h; sourceTree = "<group>"; };
		07A43D0C2141BA280015F9ED /* Info.plist */ = {isa = PBXFileReference; lastKnownFileType = text.plist.xml; path = Info.plist; sourceTree = "<group>"; };
		07A43D122141BA930015F9ED /* KSOOnboarding-Info.h */ = {isa = PBXFileReference; lastKnownFileType = sourcecode.c.h; path = "KSOOnboarding-Info.h"; sourceTree = "<group>"; };
		07A43D152141BB680015F9ED /* KSOOnboardingViewController.h */ = {isa = PBXFileReference; lastKnownFileType = sourcecode.c.h; path = KSOOnboardingViewController.h; sourceTree = "<group>"; };
		07A43D162141BB680015F9ED /* KSOOnboardingViewController.m */ = {isa = PBXFileReference; lastKnownFileType = sourcecode.c.objc; path = KSOOnboardingViewController.m; sourceTree = "<group>"; };
		07A43D1D2141BC550015F9ED /* Demo-iOS.app */ = {isa = PBXFileReference; explicitFileType = wrapper.application; includeInIndex = 0; path = "Demo-iOS.app"; sourceTree = BUILT_PRODUCTS_DIR; };
		07A43D1F2141BC550015F9ED /* AppDelegate.h */ = {isa = PBXFileReference; lastKnownFileType = sourcecode.c.h; path = AppDelegate.h; sourceTree = "<group>"; };
		07A43D202141BC550015F9ED /* AppDelegate.m */ = {isa = PBXFileReference; lastKnownFileType = sourcecode.c.objc; path = AppDelegate.m; sourceTree = "<group>"; };
		07A43D222141BC550015F9ED /* ViewController.h */ = {isa = PBXFileReference; lastKnownFileType = sourcecode.c.h; path = ViewController.h; sourceTree = "<group>"; };
		07A43D232141BC550015F9ED /* ViewController.m */ = {isa = PBXFileReference; lastKnownFileType = sourcecode.c.objc; path = ViewController.m; sourceTree = "<group>"; };
		07A43D262141BC550015F9ED /* Base */ = {isa = PBXFileReference; lastKnownFileType = file.storyboard; name = Base; path = Base.lproj/Main.storyboard; sourceTree = "<group>"; };
		07A43D282141BC570015F9ED /* Assets.xcassets */ = {isa = PBXFileReference; lastKnownFileType = folder.assetcatalog; path = Assets.xcassets; sourceTree = "<group>"; };
		07A43D2B2141BC570015F9ED /* Base */ = {isa = PBXFileReference; lastKnownFileType = file.storyboard; name = Base; path = Base.lproj/LaunchScreen.storyboard; sourceTree = "<group>"; };
		07A43D2D2141BC570015F9ED /* Info.plist */ = {isa = PBXFileReference; lastKnownFileType = text.plist.xml; path = Info.plist; sourceTree = "<group>"; };
		07A43D2E2141BC570015F9ED /* main.m */ = {isa = PBXFileReference; lastKnownFileType = sourcecode.c.objc; path = main.m; sourceTree = "<group>"; };
		07A43D392141BEF20015F9ED /* Stanley.framework */ = {isa = PBXFileReference; explicitFileType = wrapper.framework; path = Stanley.framework; sourceTree = BUILT_PRODUCTS_DIR; };
		07A43D3B2141BEFD0015F9ED /* Stanley.framework */ = {isa = PBXFileReference; explicitFileType = wrapper.framework; path = Stanley.framework; sourceTree = BUILT_PRODUCTS_DIR; };
		07A43D3F2141BFC20015F9ED /* Loki.framework */ = {isa = PBXFileReference; explicitFileType = wrapper.framework; path = Loki.framework; sourceTree = BUILT_PRODUCTS_DIR; };
		07A43D412141BFC90015F9ED /* Loki.framework */ = {isa = PBXFileReference; explicitFileType = wrapper.framework; path = Loki.framework; sourceTree = BUILT_PRODUCTS_DIR; };
		07A43D442141C02A0015F9ED /* KSOFontAwesomeExtensions.framework */ = {isa = PBXFileReference; explicitFileType = wrapper.framework; path = KSOFontAwesomeExtensions.framework; sourceTree = BUILT_PRODUCTS_DIR; };
		07A43D462141C0310015F9ED /* KSOFontAwesomeExtensions.framework */ = {isa = PBXFileReference; explicitFileType = wrapper.framework; path = KSOFontAwesomeExtensions.framework; sourceTree = BUILT_PRODUCTS_DIR; };
		07A43D492141C0900015F9ED /* Ditko.framework */ = {isa = PBXFileReference; explicitFileType = wrapper.framework; path = Ditko.framework; sourceTree = BUILT_PRODUCTS_DIR; };
		07A43D4B2141C0950015F9ED /* Ditko.framework */ = {isa = PBXFileReference; explicitFileType = wrapper.framework; path = Ditko.framework; sourceTree = BUILT_PRODUCTS_DIR; };
		07A43D5521420DD10015F9ED /* KSOOnboardingItem.h */ = {isa = PBXFileReference; lastKnownFileType = sourcecode.c.h; path = KSOOnboardingItem.h; sourceTree = "<group>"; };
		07A43D5621420DD10015F9ED /* KSOOnboardingItem.m */ = {isa = PBXFileReference; lastKnownFileType = sourcecode.c.objc; path = KSOOnboardingItem.m; sourceTree = "<group>"; };
		07A43D5A21421C3F0015F9ED /* KSOOnboardingViewModel.h */ = {isa = PBXFileReference; lastKnownFileType = sourcecode.c.h; path = KSOOnboardingViewModel.h; sourceTree = "<group>"; };
		07A43D5B21421C3F0015F9ED /* KSOOnboardingViewModel.m */ = {isa = PBXFileReference; lastKnownFileType = sourcecode.c.objc; path = KSOOnboardingViewModel.m; sourceTree = "<group>"; };
		07A43D5E2142284E0015F9ED /* KSOOnboardingDefaultItemViewController.h */ = {isa = PBXFileReference; lastKnownFileType = sourcecode.c.h; path = KSOOnboardingDefaultItemViewController.h; sourceTree = "<group>"; };
		07A43D5F2142284E0015F9ED /* KSOOnboardingDefaultItemViewController.m */ = {isa = PBXFileReference; lastKnownFileType = sourcecode.c.objc; path = KSOOnboardingDefaultItemViewController.m; sourceTree = "<group>"; };
		07A43D62214228880015F9ED /* KSOOnboardingItemViewController.h */ = {isa = PBXFileReference; lastKnownFileType = sourcecode.c.h; path = KSOOnboardingItemViewController.h; sourceTree = "<group>"; };
		07A43D6421423D4A0015F9ED /* LoremIpsum.h */ = {isa = PBXFileReference; fileEncoding = 4; lastKnownFileType = sourcecode.c.h; name = LoremIpsum.h; path = Vendor/LoremIpsum/LoremIpsum/LoremIpsum.h; sourceTree = SOURCE_ROOT; };
		07A43D6521423D4A0015F9ED /* LoremIpsum.m */ = {isa = PBXFileReference; fileEncoding = 4; lastKnownFileType = sourcecode.c.objc; name = LoremIpsum.m; path = Vendor/LoremIpsum/LoremIpsum/LoremIpsum.m; sourceTree = SOURCE_ROOT; };
		07A43D6F21425F780015F9ED /* KSOOnboardingImageBackgroundView.h */ = {isa = PBXFileReference; lastKnownFileType = sourcecode.c.h; path = KSOOnboardingImageBackgroundView.h; sourceTree = "<group>"; };
		07A43D7021425F780015F9ED /* KSOOnboardingImageBackgroundView.m */ = {isa = PBXFileReference; lastKnownFileType = sourcecode.c.objc; path = KSOOnboardingImageBackgroundView.m; sourceTree = "<group>"; };
		07A43D732142F31B0015F9ED /* KSOOnboardingMovieBackgroundView.h */ = {isa = PBXFileReference; lastKnownFileType = sourcecode.c.h; path = KSOOnboardingMovieBackgroundView.h; sourceTree = "<group>"; };
		07A43D742142F31C0015F9ED /* KSOOnboardingMovieBackgroundView.m */ = {isa = PBXFileReference; lastKnownFileType = sourcecode.c.objc; path = KSOOnboardingMovieBackgroundView.m; sourceTree = "<group>"; };
		07A43D772142F54B0015F9ED /* movie.mp4 */ = {isa = PBXFileReference; lastKnownFileType = file; path = movie.mp4; sourceTree = "<group>"; };
		07A43D79214303F20015F9ED /* KSOOnboardingTheme.h */ = {isa = PBXFileReference; lastKnownFileType = sourcecode.c.h; path = KSOOnboardingTheme.h; sourceTree = "<group>"; };
		07A43D7A214303F20015F9ED /* KSOOnboardingTheme.m */ = {isa = PBXFileReference; lastKnownFileType = sourcecode.c.objc; path = KSOOnboardingTheme.m; sourceTree = "<group>"; };
		07A43D87214355560015F9ED /* Agamotto.framework */ = {isa = PBXFileReference; explicitFileType = wrapper.framework; path = Agamotto.framework; sourceTree = BUILT_PRODUCTS_DIR; };
		07A43D892143555C0015F9ED /* Agamotto.framework */ = {isa = PBXFileReference; explicitFileType = wrapper.framework; path = Agamotto.framework; sourceTree = BUILT_PRODUCTS_DIR; };
		07FD4C1A21446C4B006D8A49 /* UIViewController+KSOOnboardingExtensions.h */ = {isa = PBXFileReference; lastKnownFileType = sourcecode.c.h; path = "UIViewController+KSOOnboardingExtensions.h"; sourceTree = "<group>"; };
		07FD4C1B21446C4B006D8A49 /* UIViewController+KSOOnboardingExtensions.m */ = {isa = PBXFileReference; lastKnownFileType = sourcecode.c.objc; path = "UIViewController+KSOOnboardingExtensions.m"; sourceTree = "<group>"; };
		07FD4C1E21449F92006D8A49 /* NSBundle+KSOOnboardingPrivateExtensions.h */ = {isa = PBXFileReference; lastKnownFileType = sourcecode.c.h; path = "NSBundle+KSOOnboardingPrivateExtensions.h"; sourceTree = "<group>"; };
		07FD4C1F21449F92006D8A49 /* NSBundle+KSOOnboardingPrivateExtensions.m */ = {isa = PBXFileReference; lastKnownFileType = sourcecode.c.objc; path = "NSBundle+KSOOnboardingPrivateExtensions.m"; sourceTree = "<group>"; };
		07FD4C242144A24C006D8A49 /* en */ = {isa = PBXFileReference; lastKnownFileType = text.plist.strings; name = en; path = en.lproj/Localizable.strings; sourceTree = "<group>"; };
/* End PBXFileReference section */

/* Begin PBXFrameworksBuildPhase section */
		07A43D042141BA280015F9ED /* Frameworks */ = {
			isa = PBXFrameworksBuildPhase;
			buildActionMask = 2147483647;
			files = (
				07A43D88214355560015F9ED /* Agamotto.framework in Frameworks */,
				07A43D4A2141C0900015F9ED /* Ditko.framework in Frameworks */,
				07A43D452141C02A0015F9ED /* KSOFontAwesomeExtensions.framework in Frameworks */,
				07A43D402141BFC20015F9ED /* Loki.framework in Frameworks */,
				07A43D3A2141BEF20015F9ED /* Stanley.framework in Frameworks */,
			);
			runOnlyForDeploymentPostprocessing = 0;
		};
		07A43D1A2141BC550015F9ED /* Frameworks */ = {
			isa = PBXFrameworksBuildPhase;
			buildActionMask = 2147483647;
			files = (
				07A43D422141BFC90015F9ED /* Loki.framework in Frameworks */,
				07A43D332141BD670015F9ED /* KSOOnboarding.framework in Frameworks */,
				07A43D3C2141BEFD0015F9ED /* Stanley.framework in Frameworks */,
				073813622147294100D9C515 /* KSOColorPicker.framework in Frameworks */,
				07A43D4C2141C0950015F9ED /* Ditko.framework in Frameworks */,
				07A43D8A2143555C0015F9ED /* Agamotto.framework in Frameworks */,
				07A43D472141C0310015F9ED /* KSOFontAwesomeExtensions.framework in Frameworks */,
			);
			runOnlyForDeploymentPostprocessing = 0;
		};
/* End PBXFrameworksBuildPhase section */

/* Begin PBXGroup section */
		07A43CFC2141B9820015F9ED = {
			isa = PBXGroup;
			children = (
				07A43D0A2141BA280015F9ED /* KSOOnboarding */,
				07A43D1E2141BC550015F9ED /* Demo-iOS */,
				07A43D092141BA280015F9ED /* Products */,
				07A43D382141BEF20015F9ED /* Frameworks */,
			);
			sourceTree = "<group>";
		};
		07A43D092141BA280015F9ED /* Products */ = {
			isa = PBXGroup;
			children = (
				07A43D082141BA280015F9ED /* KSOOnboarding.framework */,
				07A43D1D2141BC550015F9ED /* Demo-iOS.app */,
			);
			name = Products;
			sourceTree = "<group>";
		};
		07A43D0A2141BA280015F9ED /* KSOOnboarding */ = {
			isa = PBXGroup;
			children = (
				07A43D0B2141BA280015F9ED /* KSOOnboarding.h */,
				07A43D142141BB370015F9ED /* Source */,
				07A43D112141BA790015F9ED /* Supporting Files */,
			);
			path = KSOOnboarding;
			sourceTree = "<group>";
		};
		07A43D112141BA790015F9ED /* Supporting Files */ = {
			isa = PBXGroup;
			children = (
				07A43D0C2141BA280015F9ED /* Info.plist */,
				07A43D122141BA930015F9ED /* KSOOnboarding-Info.h */,
				07FD4C232144A24C006D8A49 /* Localizable.strings */,
			);
			name = "Supporting Files";
			sourceTree = "<group>";
		};
		07A43D142141BB370015F9ED /* Source */ = {
			isa = PBXGroup;
			children = (
				07A43D79214303F20015F9ED /* KSOOnboardingTheme.h */,
				07A43D7A214303F20015F9ED /* KSOOnboardingTheme.m */,
				07A43D5521420DD10015F9ED /* KSOOnboardingItem.h */,
				07A43D5621420DD10015F9ED /* KSOOnboardingItem.m */,
				07A43D62214228880015F9ED /* KSOOnboardingItemViewController.h */,
				07A43D152141BB680015F9ED /* KSOOnboardingViewController.h */,
				07A43D162141BB680015F9ED /* KSOOnboardingViewController.m */,
				07FD4C1A21446C4B006D8A49 /* UIViewController+KSOOnboardingExtensions.h */,
				07FD4C1B21446C4B006D8A49 /* UIViewController+KSOOnboardingExtensions.m */,
				07A43D6F21425F780015F9ED /* KSOOnboardingImageBackgroundView.h */,
				07A43D7021425F780015F9ED /* KSOOnboardingImageBackgroundView.m */,
				07A43D732142F31B0015F9ED /* KSOOnboardingMovieBackgroundView.h */,
				07A43D742142F31C0015F9ED /* KSOOnboardingMovieBackgroundView.m */,
				07A43D5921421C120015F9ED /* Private */,
			);
			name = Source;
			sourceTree = "<group>";
		};
		07A43D1E2141BC550015F9ED /* Demo-iOS */ = {
			isa = PBXGroup;
			children = (
				07A43D1F2141BC550015F9ED /* AppDelegate.h */,
				07A43D202141BC550015F9ED /* AppDelegate.m */,
				07A43D222141BC550015F9ED /* ViewController.h */,
				07A43D232141BC550015F9ED /* ViewController.m */,
				07A43D6421423D4A0015F9ED /* LoremIpsum.h */,
				07A43D6521423D4A0015F9ED /* LoremIpsum.m */,
				07A43D252141BC550015F9ED /* Main.storyboard */,
				07A43D282141BC570015F9ED /* Assets.xcassets */,
				07A43D2A2141BC570015F9ED /* LaunchScreen.storyboard */,
				07A43D2D2141BC570015F9ED /* Info.plist */,
				07A43D2E2141BC570015F9ED /* main.m */,
				07A43D772142F54B0015F9ED /* movie.mp4 */,
			);
			path = "Demo-iOS";
			sourceTree = "<group>";
		};
		07A43D382141BEF20015F9ED /* Frameworks */ = {
			isa = PBXGroup;
			children = (
				073813612147294100D9C515 /* KSOColorPicker.framework */,
				07A43D892143555C0015F9ED /* Agamotto.framework */,
				07A43D87214355560015F9ED /* Agamotto.framework */,
				07A43D4B2141C0950015F9ED /* Ditko.framework */,
				07A43D492141C0900015F9ED /* Ditko.framework */,
				07A43D462141C0310015F9ED /* KSOFontAwesomeExtensions.framework */,
				07A43D442141C02A0015F9ED /* KSOFontAwesomeExtensions.framework */,
				07A43D412141BFC90015F9ED /* Loki.framework */,
				07A43D3F2141BFC20015F9ED /* Loki.framework */,
				07A43D3B2141BEFD0015F9ED /* Stanley.framework */,
				07A43D392141BEF20015F9ED /* Stanley.framework */,
			);
			name = Frameworks;
			sourceTree = "<group>";
		};
		07A43D5921421C120015F9ED /* Private */ = {
			isa = PBXGroup;
			children = (
				07A43D5A21421C3F0015F9ED /* KSOOnboardingViewModel.h */,
				07A43D5B21421C3F0015F9ED /* KSOOnboardingViewModel.m */,
				07A43D5E2142284E0015F9ED /* KSOOnboardingDefaultItemViewController.h */,
				07A43D5F2142284E0015F9ED /* KSOOnboardingDefaultItemViewController.m */,
				07FD4C1E21449F92006D8A49 /* NSBundle+KSOOnboardingPrivateExtensions.h */,
				07FD4C1F21449F92006D8A49 /* NSBundle+KSOOnboardingPrivateExtensions.m */,
			);
			path = Private;
			sourceTree = "<group>";
		};
/* End PBXGroup section */

/* Begin PBXHeadersBuildPhase section */
		07A43D052141BA280015F9ED /* Headers */ = {
			isa = PBXHeadersBuildPhase;
			buildActionMask = 2147483647;
			files = (
				07FD4C1C21446C4B006D8A49 /* UIViewController+KSOOnboardingExtensions.h in Headers */,
				07A43D172141BB680015F9ED /* KSOOnboardingViewController.h in Headers */,
				07A43D7B214303F20015F9ED /* KSOOnboardingTheme.h in Headers */,
				07A43D63214228880015F9ED /* KSOOnboardingItemViewController.h in Headers */,
				07A43D602142284E0015F9ED /* KSOOnboardingDefaultItemViewController.h in Headers */,
				07A43D0D2141BA280015F9ED /* KSOOnboarding.h in Headers */,
				07A43D5721420DD10015F9ED /* KSOOnboardingItem.h in Headers */,
				07A43D752142F31C0015F9ED /* KSOOnboardingMovieBackgroundView.h in Headers */,
				07A43D5C21421C3F0015F9ED /* KSOOnboardingViewModel.h in Headers */,
				07A43D7121425F780015F9ED /* KSOOnboardingImageBackgroundView.h in Headers */,
				07FD4C2021449F92006D8A49 /* NSBundle+KSOOnboardingPrivateExtensions.h in Headers */,
			);
			runOnlyForDeploymentPostprocessing = 0;
		};
/* End PBXHeadersBuildPhase section */

/* Begin PBXNativeTarget section */
		07A43D072141BA280015F9ED /* KSOOnboarding-iOS */ = {
			isa = PBXNativeTarget;
			buildConfigurationList = 07A43D0E2141BA280015F9ED /* Build configuration list for PBXNativeTarget "KSOOnboarding-iOS" */;
			buildPhases = (
				07FD4C222144A16B006D8A49 /* genstrings */,
				07A43D032141BA280015F9ED /* Sources */,
				07A43D042141BA280015F9ED /* Frameworks */,
				07A43D052141BA280015F9ED /* Headers */,
				07A43D062141BA280015F9ED /* Resources */,
				07A43D3E2141BF5B0015F9ED /* increment build number */,
			);
			buildRules = (
			);
			dependencies = (
			);
			name = "KSOOnboarding-iOS";
			productName = KSOOnboarding;
			productReference = 07A43D082141BA280015F9ED /* KSOOnboarding.framework */;
			productType = "com.apple.product-type.framework";
		};
		07A43D1C2141BC550015F9ED /* Demo-iOS */ = {
			isa = PBXNativeTarget;
			buildConfigurationList = 07A43D322141BC570015F9ED /* Build configuration list for PBXNativeTarget "Demo-iOS" */;
			buildPhases = (
				07A43D192141BC550015F9ED /* Sources */,
				07A43D1A2141BC550015F9ED /* Frameworks */,
				07A43D1B2141BC550015F9ED /* Resources */,
				07A43D372141BD670015F9ED /* Embed Frameworks */,
			);
			buildRules = (
			);
			dependencies = (
				07A43D362141BD670015F9ED /* PBXTargetDependency */,
			);
			name = "Demo-iOS";
			productName = "Demo-iOS";
			productReference = 07A43D1D2141BC550015F9ED /* Demo-iOS.app */;
			productType = "com.apple.product-type.application";
		};
/* End PBXNativeTarget section */

/* Begin PBXProject section */
		07A43CFD2141B9820015F9ED /* Project object */ = {
			isa = PBXProject;
			attributes = {
				CLASSPREFIX = KSO;
				LastUpgradeCheck = 0940;
				ORGANIZATIONNAME = "Kosoku Interactive, LLC.";
				TargetAttributes = {
					07A43D072141BA280015F9ED = {
						CreatedOnToolsVersion = 9.4.1;
					};
					07A43D1C2141BC550015F9ED = {
						CreatedOnToolsVersion = 9.4.1;
					};
				};
			};
			buildConfigurationList = 07A43D002141B9820015F9ED /* Build configuration list for PBXProject "KSOOnboarding" */;
			compatibilityVersion = "Xcode 9.3";
			developmentRegion = en;
			hasScannedForEncodings = 0;
			knownRegions = (
				en,
				Base,
				ja,
				ro,
			);
			mainGroup = 07A43CFC2141B9820015F9ED;
			productRefGroup = 07A43D092141BA280015F9ED /* Products */;
			projectDirPath = "";
			projectRoot = "";
			targets = (
				07A43D072141BA280015F9ED /* KSOOnboarding-iOS */,
				07A43D1C2141BC550015F9ED /* Demo-iOS */,
			);
		};
/* End PBXProject section */

/* Begin PBXResourcesBuildPhase section */
		07A43D062141BA280015F9ED /* Resources */ = {
			isa = PBXResourcesBuildPhase;
			buildActionMask = 2147483647;
			files = (
				07FD4C252144A24C006D8A49 /* Localizable.strings in Resources */,
			);
			runOnlyForDeploymentPostprocessing = 0;
		};
		07A43D1B2141BC550015F9ED /* Resources */ = {
			isa = PBXResourcesBuildPhase;
			buildActionMask = 2147483647;
			files = (
				07A43D2C2141BC570015F9ED /* LaunchScreen.storyboard in Resources */,
				07A43D782142F54B0015F9ED /* movie.mp4 in Resources */,
				07A43D292141BC570015F9ED /* Assets.xcassets in Resources */,
				07A43D272141BC550015F9ED /* Main.storyboard in Resources */,
			);
			runOnlyForDeploymentPostprocessing = 0;
		};
/* End PBXResourcesBuildPhase section */

/* Begin PBXShellScriptBuildPhase section */
		07A43D3E2141BF5B0015F9ED /* increment build number */ = {
			isa = PBXShellScriptBuildPhase;
			buildActionMask = 2147483647;
			files = (
			);
			inputPaths = (
			);
			name = "increment build number";
			outputPaths = (
			);
			runOnlyForDeploymentPostprocessing = 0;
			shellPath = /bin/sh;
			shellScript = scripts/./increment_build_number.sh;
		};
		07FD4C222144A16B006D8A49 /* genstrings */ = {
			isa = PBXShellScriptBuildPhase;
			buildActionMask = 2147483647;
			files = (
			);
			inputPaths = (
			);
			name = genstrings;
			outputPaths = (
			);
			runOnlyForDeploymentPostprocessing = 0;
			shellPath = /bin/sh;
			shellScript = scripts/./genstrings.sh;
		};
/* End PBXShellScriptBuildPhase section */

/* Begin PBXSourcesBuildPhase section */
		07A43D032141BA280015F9ED /* Sources */ = {
			isa = PBXSourcesBuildPhase;
			buildActionMask = 2147483647;
			files = (
				07A43D762142F31C0015F9ED /* KSOOnboardingMovieBackgroundView.m in Sources */,
				07A43D5D21421C3F0015F9ED /* KSOOnboardingViewModel.m in Sources */,
				07A43D7221425F780015F9ED /* KSOOnboardingImageBackgroundView.m in Sources */,
				07A43D182141BB680015F9ED /* KSOOnboardingViewController.m in Sources */,
				07A43D612142284E0015F9ED /* KSOOnboardingDefaultItemViewController.m in Sources */,
				07FD4C1D21446C4B006D8A49 /* UIViewController+KSOOnboardingExtensions.m in Sources */,
				07A43D7C214303F20015F9ED /* KSOOnboardingTheme.m in Sources */,
				07FD4C2121449F92006D8A49 /* NSBundle+KSOOnboardingPrivateExtensions.m in Sources */,
				07A43D5821420DD10015F9ED /* KSOOnboardingItem.m in Sources */,
			);
			runOnlyForDeploymentPostprocessing = 0;
		};
		07A43D192141BC550015F9ED /* Sources */ = {
			isa = PBXSourcesBuildPhase;
			buildActionMask = 2147483647;
			files = (
				07A43D6621423D4A0015F9ED /* LoremIpsum.m in Sources */,
				07A43D242141BC550015F9ED /* ViewController.m in Sources */,
				07A43D2F2141BC570015F9ED /* main.m in Sources */,
				07A43D212141BC550015F9ED /* AppDelegate.m in Sources */,
			);
			runOnlyForDeploymentPostprocessing = 0;
		};
/* End PBXSourcesBuildPhase section */

/* Begin PBXTargetDependency section */
		07A43D362141BD670015F9ED /* PBXTargetDependency */ = {
			isa = PBXTargetDependency;
			target = 07A43D072141BA280015F9ED /* KSOOnboarding-iOS */;
			targetProxy = 07A43D352141BD670015F9ED /* PBXContainerItemProxy */;
		};
/* End PBXTargetDependency section */

/* Begin PBXVariantGroup section */
		07A43D252141BC550015F9ED /* Main.storyboard */ = {
			isa = PBXVariantGroup;
			children = (
				07A43D262141BC550015F9ED /* Base */,
			);
			name = Main.storyboard;
			sourceTree = "<group>";
		};
		07A43D2A2141BC570015F9ED /* LaunchScreen.storyboard */ = {
			isa = PBXVariantGroup;
			children = (
				07A43D2B2141BC570015F9ED /* Base */,
			);
			name = LaunchScreen.storyboard;
			sourceTree = "<group>";
		};
		07FD4C232144A24C006D8A49 /* Localizable.strings */ = {
			isa = PBXVariantGroup;
			children = (
				07FD4C242144A24C006D8A49 /* en */,
				073813572147013E00D9C515 /* ja */,
				073813582147016000D9C515 /* ro */,
			);
			name = Localizable.strings;
			sourceTree = "<group>";
		};
/* End PBXVariantGroup section */

/* Begin XCBuildConfiguration section */
		07A43D012141B9820015F9ED /* Debug */ = {
			isa = XCBuildConfiguration;
			buildSettings = {
				CLANG_ANALYZER_LOCALIZABILITY_NONLOCALIZED = YES;
			};
			name = Debug;
		};
		07A43D022141B9820015F9ED /* Release */ = {
			isa = XCBuildConfiguration;
			buildSettings = {
				CLANG_ANALYZER_LOCALIZABILITY_NONLOCALIZED = YES;
			};
			name = Release;
		};
		07A43D0F2141BA280015F9ED /* Debug */ = {
			isa = XCBuildConfiguration;
			buildSettings = {
				ALWAYS_SEARCH_USER_PATHS = NO;
				CLANG_ANALYZER_NONNULL = YES;
				CLANG_ANALYZER_NUMBER_OBJECT_CONVERSION = YES_AGGRESSIVE;
				CLANG_CXX_LANGUAGE_STANDARD = "gnu++14";
				CLANG_CXX_LIBRARY = "libc++";
				CLANG_ENABLE_MODULES = YES;
				CLANG_ENABLE_OBJC_ARC = YES;
				CLANG_ENABLE_OBJC_WEAK = YES;
				CLANG_WARN_BLOCK_CAPTURE_AUTORELEASING = YES;
				CLANG_WARN_BOOL_CONVERSION = YES;
				CLANG_WARN_COMMA = YES;
				CLANG_WARN_CONSTANT_CONVERSION = YES;
				CLANG_WARN_DEPRECATED_OBJC_IMPLEMENTATIONS = YES;
				CLANG_WARN_DIRECT_OBJC_ISA_USAGE = YES_ERROR;
				CLANG_WARN_DOCUMENTATION_COMMENTS = YES;
				CLANG_WARN_EMPTY_BODY = YES;
				CLANG_WARN_ENUM_CONVERSION = YES;
				CLANG_WARN_INFINITE_RECURSION = YES;
				CLANG_WARN_INT_CONVERSION = YES;
				CLANG_WARN_NON_LITERAL_NULL_CONVERSION = YES;
				CLANG_WARN_OBJC_IMPLICIT_RETAIN_SELF = YES;
				CLANG_WARN_OBJC_LITERAL_CONVERSION = YES;
				CLANG_WARN_OBJC_ROOT_CLASS = YES_ERROR;
				CLANG_WARN_RANGE_LOOP_ANALYSIS = YES;
				CLANG_WARN_STRICT_PROTOTYPES = YES;
				CLANG_WARN_SUSPICIOUS_MOVE = YES;
				CLANG_WARN_UNGUARDED_AVAILABILITY = YES_AGGRESSIVE;
				CLANG_WARN_UNREACHABLE_CODE = YES;
				CLANG_WARN__DUPLICATE_METHOD_MATCH = YES;
				CODE_SIGN_IDENTITY = "iPhone Developer";
				CODE_SIGN_STYLE = Automatic;
				COPY_PHASE_STRIP = NO;
				CURRENT_PROJECT_VERSION = 1;
				DEBUG_INFORMATION_FORMAT = dwarf;
				DEFINES_MODULE = YES;
				DEVELOPMENT_TEAM = 74KPPW2K35;
				DYLIB_COMPATIBILITY_VERSION = 1;
				DYLIB_CURRENT_VERSION = 1;
				DYLIB_INSTALL_NAME_BASE = "@rpath";
				ENABLE_STRICT_OBJC_MSGSEND = YES;
				ENABLE_TESTABILITY = YES;
				GCC_C_LANGUAGE_STANDARD = gnu11;
				GCC_DYNAMIC_NO_PIC = NO;
				GCC_NO_COMMON_BLOCKS = YES;
				GCC_OPTIMIZATION_LEVEL = 0;
				GCC_PREPROCESSOR_DEFINITIONS = (
					"DEBUG=1",
					"$(inherited)",
				);
				GCC_WARN_64_TO_32_BIT_CONVERSION = YES;
				GCC_WARN_ABOUT_RETURN_TYPE = YES_ERROR;
				GCC_WARN_UNDECLARED_SELECTOR = YES;
				GCC_WARN_UNINITIALIZED_AUTOS = YES_AGGRESSIVE;
				GCC_WARN_UNUSED_FUNCTION = YES;
				GCC_WARN_UNUSED_VARIABLE = YES;
				INFOPLIST_FILE = KSOOnboarding/Info.plist;
				INFOPLIST_PREFIX_HEADER = "$(SRCROOT)/KSOOnboarding/KSOOnboarding-Info.h";
				INFOPLIST_PREPROCESS = YES;
				INSTALL_PATH = "$(LOCAL_LIBRARY_DIR)/Frameworks";
				IPHONEOS_DEPLOYMENT_TARGET = 11.0;
				LD_RUNPATH_SEARCH_PATHS = (
					"$(inherited)",
					"@executable_path/Frameworks",
					"@loader_path/Frameworks",
				);
				MTL_ENABLE_DEBUG_INFO = YES;
				ONLY_ACTIVE_ARCH = YES;
				PRODUCT_BUNDLE_IDENTIFIER = com.kosoku.ksoonboarding;
				PRODUCT_NAME = KSOOnboarding;
				SDKROOT = iphoneos;
				SKIP_INSTALL = YES;
				TARGETED_DEVICE_FAMILY = "1,2";
				VERSIONING_SYSTEM = "apple-generic";
				VERSION_INFO_PREFIX = "";
			};
			name = Debug;
		};
		07A43D102141BA280015F9ED /* Release */ = {
			isa = XCBuildConfiguration;
			buildSettings = {
				ALWAYS_SEARCH_USER_PATHS = NO;
				CLANG_ANALYZER_NONNULL = YES;
				CLANG_ANALYZER_NUMBER_OBJECT_CONVERSION = YES_AGGRESSIVE;
				CLANG_CXX_LANGUAGE_STANDARD = "gnu++14";
				CLANG_CXX_LIBRARY = "libc++";
				CLANG_ENABLE_MODULES = YES;
				CLANG_ENABLE_OBJC_ARC = YES;
				CLANG_ENABLE_OBJC_WEAK = YES;
				CLANG_WARN_BLOCK_CAPTURE_AUTORELEASING = YES;
				CLANG_WARN_BOOL_CONVERSION = YES;
				CLANG_WARN_COMMA = YES;
				CLANG_WARN_CONSTANT_CONVERSION = YES;
				CLANG_WARN_DEPRECATED_OBJC_IMPLEMENTATIONS = YES;
				CLANG_WARN_DIRECT_OBJC_ISA_USAGE = YES_ERROR;
				CLANG_WARN_DOCUMENTATION_COMMENTS = YES;
				CLANG_WARN_EMPTY_BODY = YES;
				CLANG_WARN_ENUM_CONVERSION = YES;
				CLANG_WARN_INFINITE_RECURSION = YES;
				CLANG_WARN_INT_CONVERSION = YES;
				CLANG_WARN_NON_LITERAL_NULL_CONVERSION = YES;
				CLANG_WARN_OBJC_IMPLICIT_RETAIN_SELF = YES;
				CLANG_WARN_OBJC_LITERAL_CONVERSION = YES;
				CLANG_WARN_OBJC_ROOT_CLASS = YES_ERROR;
				CLANG_WARN_RANGE_LOOP_ANALYSIS = YES;
				CLANG_WARN_STRICT_PROTOTYPES = YES;
				CLANG_WARN_SUSPICIOUS_MOVE = YES;
				CLANG_WARN_UNGUARDED_AVAILABILITY = YES_AGGRESSIVE;
				CLANG_WARN_UNREACHABLE_CODE = YES;
				CLANG_WARN__DUPLICATE_METHOD_MATCH = YES;
				CODE_SIGN_IDENTITY = "iPhone Developer";
				CODE_SIGN_STYLE = Automatic;
				COPY_PHASE_STRIP = NO;
				CURRENT_PROJECT_VERSION = 1;
				DEBUG_INFORMATION_FORMAT = "dwarf-with-dsym";
				DEFINES_MODULE = YES;
				DEVELOPMENT_TEAM = 74KPPW2K35;
				DYLIB_COMPATIBILITY_VERSION = 1;
				DYLIB_CURRENT_VERSION = 1;
				DYLIB_INSTALL_NAME_BASE = "@rpath";
				ENABLE_NS_ASSERTIONS = NO;
				ENABLE_STRICT_OBJC_MSGSEND = YES;
				GCC_C_LANGUAGE_STANDARD = gnu11;
				GCC_NO_COMMON_BLOCKS = YES;
				GCC_WARN_64_TO_32_BIT_CONVERSION = YES;
				GCC_WARN_ABOUT_RETURN_TYPE = YES_ERROR;
				GCC_WARN_UNDECLARED_SELECTOR = YES;
				GCC_WARN_UNINITIALIZED_AUTOS = YES_AGGRESSIVE;
				GCC_WARN_UNUSED_FUNCTION = YES;
				GCC_WARN_UNUSED_VARIABLE = YES;
				INFOPLIST_FILE = KSOOnboarding/Info.plist;
				INFOPLIST_PREFIX_HEADER = "$(SRCROOT)/KSOOnboarding/KSOOnboarding-Info.h";
				INFOPLIST_PREPROCESS = YES;
				INSTALL_PATH = "$(LOCAL_LIBRARY_DIR)/Frameworks";
				IPHONEOS_DEPLOYMENT_TARGET = 11.0;
				LD_RUNPATH_SEARCH_PATHS = (
					"$(inherited)",
					"@executable_path/Frameworks",
					"@loader_path/Frameworks",
				);
				MTL_ENABLE_DEBUG_INFO = NO;
				PRODUCT_BUNDLE_IDENTIFIER = com.kosoku.ksoonboarding;
				PRODUCT_NAME = KSOOnboarding;
				SDKROOT = iphoneos;
				SKIP_INSTALL = NO;
				TARGETED_DEVICE_FAMILY = "1,2";
				VALIDATE_PRODUCT = YES;
				VERSIONING_SYSTEM = "apple-generic";
				VERSION_INFO_PREFIX = "";
			};
			name = Release;
		};
		07A43D302141BC570015F9ED /* Debug */ = {
			isa = XCBuildConfiguration;
			buildSettings = {
				ALWAYS_SEARCH_USER_PATHS = NO;
				ASSETCATALOG_COMPILER_APPICON_NAME = AppIcon;
				CLANG_ANALYZER_NONNULL = YES;
				CLANG_ANALYZER_NUMBER_OBJECT_CONVERSION = YES_AGGRESSIVE;
				CLANG_CXX_LANGUAGE_STANDARD = "gnu++14";
				CLANG_CXX_LIBRARY = "libc++";
				CLANG_ENABLE_MODULES = YES;
				CLANG_ENABLE_OBJC_ARC = YES;
				CLANG_ENABLE_OBJC_WEAK = YES;
				CLANG_WARN_BLOCK_CAPTURE_AUTORELEASING = YES;
				CLANG_WARN_BOOL_CONVERSION = YES;
				CLANG_WARN_COMMA = YES;
				CLANG_WARN_CONSTANT_CONVERSION = YES;
				CLANG_WARN_DEPRECATED_OBJC_IMPLEMENTATIONS = YES;
				CLANG_WARN_DIRECT_OBJC_ISA_USAGE = YES_ERROR;
				CLANG_WARN_DOCUMENTATION_COMMENTS = YES;
				CLANG_WARN_EMPTY_BODY = YES;
				CLANG_WARN_ENUM_CONVERSION = YES;
				CLANG_WARN_INFINITE_RECURSION = YES;
				CLANG_WARN_INT_CONVERSION = YES;
				CLANG_WARN_NON_LITERAL_NULL_CONVERSION = YES;
				CLANG_WARN_OBJC_IMPLICIT_RETAIN_SELF = YES;
				CLANG_WARN_OBJC_LITERAL_CONVERSION = YES;
				CLANG_WARN_OBJC_ROOT_CLASS = YES_ERROR;
				CLANG_WARN_RANGE_LOOP_ANALYSIS = YES;
				CLANG_WARN_STRICT_PROTOTYPES = YES;
				CLANG_WARN_SUSPICIOUS_MOVE = YES;
				CLANG_WARN_UNGUARDED_AVAILABILITY = YES_AGGRESSIVE;
				CLANG_WARN_UNREACHABLE_CODE = YES;
				CLANG_WARN__DUPLICATE_METHOD_MATCH = YES;
				CODE_SIGN_IDENTITY = "iPhone Developer";
				CODE_SIGN_STYLE = Automatic;
				COPY_PHASE_STRIP = NO;
				DEBUG_INFORMATION_FORMAT = dwarf;
				DEVELOPMENT_TEAM = 74KPPW2K35;
				ENABLE_STRICT_OBJC_MSGSEND = YES;
				ENABLE_TESTABILITY = YES;
				GCC_C_LANGUAGE_STANDARD = gnu11;
				GCC_DYNAMIC_NO_PIC = NO;
				GCC_NO_COMMON_BLOCKS = YES;
				GCC_OPTIMIZATION_LEVEL = 0;
				GCC_PREPROCESSOR_DEFINITIONS = (
					"DEBUG=1",
					"$(inherited)",
				);
				GCC_WARN_64_TO_32_BIT_CONVERSION = YES;
				GCC_WARN_ABOUT_RETURN_TYPE = YES_ERROR;
				GCC_WARN_UNDECLARED_SELECTOR = YES;
				GCC_WARN_UNINITIALIZED_AUTOS = YES_AGGRESSIVE;
				GCC_WARN_UNUSED_FUNCTION = YES;
				GCC_WARN_UNUSED_VARIABLE = YES;
				INFOPLIST_FILE = "Demo-iOS/Info.plist";
				IPHONEOS_DEPLOYMENT_TARGET = 11.0;
				LD_RUNPATH_SEARCH_PATHS = (
					"$(inherited)",
					"@executable_path/Frameworks",
				);
				MTL_ENABLE_DEBUG_INFO = YES;
				ONLY_ACTIVE_ARCH = YES;
				PRODUCT_BUNDLE_IDENTIFIER = "com.kosoku.KSOOnboarding.Demo-iOS";
				PRODUCT_NAME = "$(TARGET_NAME)";
				SDKROOT = iphoneos;
				TARGETED_DEVICE_FAMILY = "1,2";
			};
			name = Debug;
		};
		07A43D312141BC570015F9ED /* Release */ = {
			isa = XCBuildConfiguration;
			buildSettings = {
				ALWAYS_SEARCH_USER_PATHS = NO;
				ASSETCATALOG_COMPILER_APPICON_NAME = AppIcon;
				CLANG_ANALYZER_NONNULL = YES;
				CLANG_ANALYZER_NUMBER_OBJECT_CONVERSION = YES_AGGRESSIVE;
				CLANG_CXX_LANGUAGE_STANDARD = "gnu++14";
				CLANG_CXX_LIBRARY = "libc++";
				CLANG_ENABLE_MODULES = YES;
				CLANG_ENABLE_OBJC_ARC = YES;
				CLANG_ENABLE_OBJC_WEAK = YES;
				CLANG_WARN_BLOCK_CAPTURE_AUTORELEASING = YES;
				CLANG_WARN_BOOL_CONVERSION = YES;
				CLANG_WARN_COMMA = YES;
				CLANG_WARN_CONSTANT_CONVERSION = YES;
				CLANG_WARN_DEPRECATED_OBJC_IMPLEMENTATIONS = YES;
				CLANG_WARN_DIRECT_OBJC_ISA_USAGE = YES_ERROR;
				CLANG_WARN_DOCUMENTATION_COMMENTS = YES;
				CLANG_WARN_EMPTY_BODY = YES;
				CLANG_WARN_ENUM_CONVERSION = YES;
				CLANG_WARN_INFINITE_RECURSION = YES;
				CLANG_WARN_INT_CONVERSION = YES;
				CLANG_WARN_NON_LITERAL_NULL_CONVERSION = YES;
				CLANG_WARN_OBJC_IMPLICIT_RETAIN_SELF = YES;
				CLANG_WARN_OBJC_LITERAL_CONVERSION = YES;
				CLANG_WARN_OBJC_ROOT_CLASS = YES_ERROR;
				CLANG_WARN_RANGE_LOOP_ANALYSIS = YES;
				CLANG_WARN_STRICT_PROTOTYPES = YES;
				CLANG_WARN_SUSPICIOUS_MOVE = YES;
				CLANG_WARN_UNGUARDED_AVAILABILITY = YES_AGGRESSIVE;
				CLANG_WARN_UNREACHABLE_CODE = YES;
				CLANG_WARN__DUPLICATE_METHOD_MATCH = YES;
				CODE_SIGN_IDENTITY = "iPhone Developer";
				CODE_SIGN_STYLE = Automatic;
				COPY_PHASE_STRIP = NO;
				DEBUG_INFORMATION_FORMAT = "dwarf-with-dsym";
				DEVELOPMENT_TEAM = 74KPPW2K35;
				ENABLE_NS_ASSERTIONS = NO;
				ENABLE_STRICT_OBJC_MSGSEND = YES;
				GCC_C_LANGUAGE_STANDARD = gnu11;
				GCC_NO_COMMON_BLOCKS = YES;
				GCC_WARN_64_TO_32_BIT_CONVERSION = YES;
				GCC_WARN_ABOUT_RETURN_TYPE = YES_ERROR;
				GCC_WARN_UNDECLARED_SELECTOR = YES;
				GCC_WARN_UNINITIALIZED_AUTOS = YES_AGGRESSIVE;
				GCC_WARN_UNUSED_FUNCTION = YES;
				GCC_WARN_UNUSED_VARIABLE = YES;
				INFOPLIST_FILE = "Demo-iOS/Info.plist";
				IPHONEOS_DEPLOYMENT_TARGET = 11.0;
				LD_RUNPATH_SEARCH_PATHS = (
					"$(inherited)",
					"@executable_path/Frameworks",
				);
				MTL_ENABLE_DEBUG_INFO = NO;
				PRODUCT_BUNDLE_IDENTIFIER = "com.kosoku.KSOOnboarding.Demo-iOS";
				PRODUCT_NAME = "$(TARGET_NAME)";
				SDKROOT = iphoneos;
				TARGETED_DEVICE_FAMILY = "1,2";
				VALIDATE_PRODUCT = YES;
			};
			name = Release;
		};
/* End XCBuildConfiguration section */

/* Begin XCConfigurationList section */
		07A43D002141B9820015F9ED /* Build configuration list for PBXProject "KSOOnboarding" */ = {
			isa = XCConfigurationList;
			buildConfigurations = (
				07A43D012141B9820015F9ED /* Debug */,
				07A43D022141B9820015F9ED /* Release */,
			);
			defaultConfigurationIsVisible = 0;
			defaultConfigurationName = Release;
		};
		07A43D0E2141BA280015F9ED /* Build configuration list for PBXNativeTarget "KSOOnboarding-iOS" */ = {
			isa = XCConfigurationList;
			buildConfigurations = (
				07A43D0F2141BA280015F9ED /* Debug */,
				07A43D102141BA280015F9ED /* Release */,
			);
			defaultConfigurationIsVisible = 0;
			defaultConfigurationName = Release;
		};
		07A43D322141BC570015F9ED /* Build configuration list for PBXNativeTarget "Demo-iOS" */ = {
			isa = XCConfigurationList;
			buildConfigurations = (
				07A43D302141BC570015F9ED /* Debug */,
				07A43D312141BC570015F9ED /* Release */,
			);
			defaultConfigurationIsVisible = 0;
			defaultConfigurationName = Release;
		};
/* End XCConfigurationList section */
	};
	rootObject = 07A43CFD2141B9820015F9ED /* Project object */;
}
